// !$*UTF8*$!
{
	archiveVersion = 1;
	classes = {
	};
	objectVersion = 50;
	objects = {

/* Begin PBXBuildFile section */
		113F9F472418E7650033468F /* support.cpp in Sources */ = {isa = PBXBuildFile; fileRef = 113F9F3D2418E7650033468F /* support.cpp */; };
		113F9F482418E7650033468F /* DeliveryPlanner.cpp in Sources */ = {isa = PBXBuildFile; fileRef = 113F9F402418E7650033468F /* DeliveryPlanner.cpp */; };
		113F9F492418E7650033468F /* StreetMap.cpp in Sources */ = {isa = PBXBuildFile; fileRef = 113F9F412418E7650033468F /* StreetMap.cpp */; };
		113F9F4A2418E7650033468F /* PointToPointRouter.cpp in Sources */ = {isa = PBXBuildFile; fileRef = 113F9F422418E7650033468F /* PointToPointRouter.cpp */; };
		113F9F4B2418E7650033468F /* DeliveryOptimizer.cpp in Sources */ = {isa = PBXBuildFile; fileRef = 113F9F452418E7650033468F /* DeliveryOptimizer.cpp */; };
		113F9F4D2418E7830033468F /* main.cpp in Sources */ = {isa = PBXBuildFile; fileRef = 113F9F4C2418E7830033468F /* main.cpp */; };
/* End PBXBuildFile section */

/* Begin PBXCopyFilesBuildPhase section */
		11988CDD2418E6FE00307419 /* CopyFiles */ = {
			isa = PBXCopyFilesBuildPhase;
			buildActionMask = 2147483647;
			dstPath = /usr/share/man/man1/;
			dstSubfolderSpec = 0;
			files = (
			);
			runOnlyForDeploymentPostprocessing = 1;
		};
/* End PBXCopyFilesBuildPhase section */

/* Begin PBXFileReference section */
		113F9F3D2418E7650033468F /* support.cpp */ = {isa = PBXFileReference; fileEncoding = 4; lastKnownFileType = sourcecode.cpp.cpp; path = support.cpp; sourceTree = "<group>"; };
		113F9F3E2418E7650033468F /* support.h */ = {isa = PBXFileReference; fileEncoding = 4; lastKnownFileType = sourcecode.c.h; path = support.h; sourceTree = "<group>"; };
		113F9F3F2418E7650033468F /* provided.h */ = {isa = PBXFileReference; fileEncoding = 4; lastKnownFileType = sourcecode.c.h; path = provided.h; sourceTree = "<group>"; };
		113F9F402418E7650033468F /* DeliveryPlanner.cpp */ = {isa = PBXFileReference; fileEncoding = 4; lastKnownFileType = sourcecode.cpp.cpp; path = DeliveryPlanner.cpp; sourceTree = "<group>"; };
		113F9F412418E7650033468F /* StreetMap.cpp */ = {isa = PBXFileReference; fileEncoding = 4; lastKnownFileType = sourcecode.cpp.cpp; path = StreetMap.cpp; sourceTree = "<group>"; };
		113F9F422418E7650033468F /* PointToPointRouter.cpp */ = {isa = PBXFileReference; fileEncoding = 4; lastKnownFileType = sourcecode.cpp.cpp; path = PointToPointRouter.cpp; sourceTree = "<group>"; };
		113F9F432418E7650033468F /* deliveries.txt */ = {isa = PBXFileReference; fileEncoding = 4; lastKnownFileType = text; path = deliveries.txt; sourceTree = "<group>"; };
		113F9F442418E7650033468F /* ExpandableHashMap.h */ = {isa = PBXFileReference; fileEncoding = 4; lastKnownFileType = sourcecode.c.h; path = ExpandableHashMap.h; sourceTree = "<group>"; };
		113F9F452418E7650033468F /* DeliveryOptimizer.cpp */ = {isa = PBXFileReference; fileEncoding = 4; lastKnownFileType = sourcecode.cpp.cpp; path = DeliveryOptimizer.cpp; sourceTree = "<group>"; };
		113F9F462418E7650033468F /* mapdata.txt */ = {isa = PBXFileReference; fileEncoding = 4; lastKnownFileType = text; path = mapdata.txt; sourceTree = "<group>"; };
		113F9F4C2418E7830033468F /* main.cpp */ = {isa = PBXFileReference; fileEncoding = 4; lastKnownFileType = sourcecode.cpp.cpp; path = main.cpp; sourceTree = "<group>"; };
		11988CDF2418E6FE00307419 /* GooberEats */ = {isa = PBXFileReference; explicitFileType = "compiled.mach-o.executable"; includeInIndex = 0; path = GooberEats; sourceTree = BUILT_PRODUCTS_DIR; };
/* End PBXFileReference section */

/* Begin PBXFrameworksBuildPhase section */
		11988CDC2418E6FE00307419 /* Frameworks */ = {
			isa = PBXFrameworksBuildPhase;
			buildActionMask = 2147483647;
			files = (
			);
			runOnlyForDeploymentPostprocessing = 0;
		};
/* End PBXFrameworksBuildPhase section */

/* Begin PBXGroup section */
		11988CD62418E6FE00307419 = {
			isa = PBXGroup;
			children = (
				11988CE12418E6FE00307419 /* GooberEats */,
				11988CE02418E6FE00307419 /* Products */,
			);
			sourceTree = "<group>";
		};
		11988CE02418E6FE00307419 /* Products */ = {
			isa = PBXGroup;
			children = (
				11988CDF2418E6FE00307419 /* GooberEats */,
			);
			name = Products;
			sourceTree = "<group>";
		};
		11988CE12418E6FE00307419 /* GooberEats */ = {
			isa = PBXGroup;
			children = (
				113F9F4C2418E7830033468F /* main.cpp */,
				113F9F3F2418E7650033468F /* provided.h */,
				113F9F442418E7650033468F /* ExpandableHashMap.h */,
				113F9F412418E7650033468F /* StreetMap.cpp */,
				113F9F422418E7650033468F /* PointToPointRouter.cpp */,
				113F9F452418E7650033468F /* DeliveryOptimizer.cpp */,
				113F9F402418E7650033468F /* DeliveryPlanner.cpp */,
				113F9F3D2418E7650033468F /* support.cpp */,
				113F9F3E2418E7650033468F /* support.h */,
				113F9F462418E7650033468F /* mapdata.txt */,
				113F9F432418E7650033468F /* deliveries.txt */,
			);
			path = GooberEats;
			sourceTree = "<group>";
		};
/* End PBXGroup section */

/* Begin PBXNativeTarget section */
		11988CDE2418E6FE00307419 /* GooberEats */ = {
			isa = PBXNativeTarget;
			buildConfigurationList = 11988CE62418E6FE00307419 /* Build configuration list for PBXNativeTarget "GooberEats" */;
			buildPhases = (
				11988CDB2418E6FE00307419 /* Sources */,
				11988CDC2418E6FE00307419 /* Frameworks */,
				11988CDD2418E6FE00307419 /* CopyFiles */,
			);
			buildRules = (
			);
			dependencies = (
			);
			name = GooberEats;
			productName = GooberEats;
			productReference = 11988CDF2418E6FE00307419 /* GooberEats */;
			productType = "com.apple.product-type.tool";
		};
/* End PBXNativeTarget section */

/* Begin PBXProject section */
		11988CD72418E6FE00307419 /* Project object */ = {
			isa = PBXProject;
			attributes = {
				LastUpgradeCheck = 1130;
				ORGANIZATIONNAME = "Aris Luk";
				TargetAttributes = {
					11988CDE2418E6FE00307419 = {
						CreatedOnToolsVersion = 11.3.1;
					};
				};
			};
			buildConfigurationList = 11988CDA2418E6FE00307419 /* Build configuration list for PBXProject "GooberEats" */;
			compatibilityVersion = "Xcode 9.3";
			developmentRegion = en;
			hasScannedForEncodings = 0;
			knownRegions = (
				en,
				Base,
			);
			mainGroup = 11988CD62418E6FE00307419;
			productRefGroup = 11988CE02418E6FE00307419 /* Products */;
			projectDirPath = "";
			projectRoot = "";
			targets = (
				11988CDE2418E6FE00307419 /* GooberEats */,
			);
		};
/* End PBXProject section */

/* Begin PBXSourcesBuildPhase section */
		11988CDB2418E6FE00307419 /* Sources */ = {
			isa = PBXSourcesBuildPhase;
			buildActionMask = 2147483647;
			files = (
				113F9F4B2418E7650033468F /* DeliveryOptimizer.cpp in Sources */,
				113F9F492418E7650033468F /* StreetMap.cpp in Sources */,
				113F9F4D2418E7830033468F /* main.cpp in Sources */,
				113F9F482418E7650033468F /* DeliveryPlanner.cpp in Sources */,
				113F9F472418E7650033468F /* support.cpp in Sources */,
				113F9F4A2418E7650033468F /* PointToPointRouter.cpp in Sources */,
			);
			runOnlyForDeploymentPostprocessing = 0;
		};
/* End PBXSourcesBuildPhase section */

/* Begin XCBuildConfiguration section */
		11988CE42418E6FE00307419 /* Debug */ = {
			isa = XCBuildConfiguration;
			buildSettings = {
				ALWAYS_SEARCH_USER_PATHS = NO;
				CLANG_ANALYZER_NONNULL = YES;
				CLANG_ANALYZER_NUMBER_OBJECT_CONVERSION = YES_AGGRESSIVE;
				CLANG_CXX_LANGUAGE_STANDARD = "gnu++14";
				CLANG_CXX_LIBRARY = "libc++";
				CLANG_ENABLE_MODULES = YES;
				CLANG_ENABLE_OBJC_ARC = YES;
				CLANG_ENABLE_OBJC_WEAK = YES;
				CLANG_WARN_BLOCK_CAPTURE_AUTORELEASING = YES;
				CLANG_WARN_BOOL_CONVERSION = YES;
				CLANG_WARN_COMMA = YES;
				CLANG_WARN_CONSTANT_CONVERSION = YES;
				CLANG_WARN_DEPRECATED_OBJC_IMPLEMENTATIONS = YES;
				CLANG_WARN_DIRECT_OBJC_ISA_USAGE = YES_ERROR;
				CLANG_WARN_DOCUMENTATION_COMMENTS = YES;
				CLANG_WARN_EMPTY_BODY = YES;
				CLANG_WARN_ENUM_CONVERSION = YES;
				CLANG_WARN_INFINITE_RECURSION = YES;
				CLANG_WARN_INT_CONVERSION = YES;
				CLANG_WARN_NON_LITERAL_NULL_CONVERSION = YES;
				CLANG_WARN_OBJC_IMPLICIT_RETAIN_SELF = YES;
				CLANG_WARN_OBJC_LITERAL_CONVERSION = YES;
				CLANG_WARN_OBJC_ROOT_CLASS = YES_ERROR;
				CLANG_WARN_RANGE_LOOP_ANALYSIS = YES;
				CLANG_WARN_STRICT_PROTOTYPES = YES;
				CLANG_WARN_SUSPICIOUS_MOVE = YES;
				CLANG_WARN_UNGUARDED_AVAILABILITY = YES_AGGRESSIVE;
				CLANG_WARN_UNREACHABLE_CODE = YES;
				CLANG_WARN__DUPLICATE_METHOD_MATCH = YES;
				COPY_PHASE_STRIP = NO;
				DEBUG_INFORMATION_FORMAT = dwarf;
				ENABLE_STRICT_OBJC_MSGSEND = YES;
				ENABLE_TESTABILITY = YES;
				GCC_C_LANGUAGE_STANDARD = gnu11;
				GCC_DYNAMIC_NO_PIC = NO;
				GCC_NO_COMMON_BLOCKS = YES;
				GCC_OPTIMIZATION_LEVEL = 0;
				GCC_PREPROCESSOR_DEFINITIONS = (
					"DEBUG=1",
					"$(inherited)",
				);
				GCC_WARN_64_TO_32_BIT_CONVERSION = YES;
				GCC_WARN_ABOUT_RETURN_TYPE = YES_ERROR;
				GCC_WARN_UNDECLARED_SELECTOR = YES;
				GCC_WARN_UNINITIALIZED_AUTOS = YES_AGGRESSIVE;
				GCC_WARN_UNUSED_FUNCTION = YES;
				GCC_WARN_UNUSED_VARIABLE = YES;
				MACOSX_DEPLOYMENT_TARGET = 10.15;
				MTL_ENABLE_DEBUG_INFO = INCLUDE_SOURCE;
				MTL_FAST_MATH = YES;
				ONLY_ACTIVE_ARCH = YES;
				SDKROOT = macosx;
			};
			name = Debug;
		};
		11988CE52418E6FE00307419 /* Release */ = {
			isa = XCBuildConfiguration;
			buildSettings = {
				ALWAYS_SEARCH_USER_PATHS = NO;
				CLANG_ANALYZER_NONNULL = YES;
				CLANG_ANALYZER_NUMBER_OBJECT_CONVERSION = YES_AGGRESSIVE;
				CLANG_CXX_LANGUAGE_STANDARD = "gnu++14";
				CLANG_CXX_LIBRARY = "libc++";
				CLANG_ENABLE_MODULES = YES;
				CLANG_ENABLE_OBJC_ARC = YES;
				CLANG_ENABLE_OBJC_WEAK = YES;
				CLANG_WARN_BLOCK_CAPTURE_AUTORELEASING = YES;
				CLANG_WARN_BOOL_CONVERSION = YES;
				CLANG_WARN_COMMA = YES;
				CLANG_WARN_CONSTANT_CONVERSION = YES;
				CLANG_WARN_DEPRECATED_OBJC_IMPLEMENTATIONS = YES;
				CLANG_WARN_DIRECT_OBJC_ISA_USAGE = YES_ERROR;
				CLANG_WARN_DOCUMENTATION_COMMENTS = YES;
				CLANG_WARN_EMPTY_BODY = YES;
				CLANG_WARN_ENUM_CONVERSION = YES;
				CLANG_WARN_INFINITE_RECURSION = YES;
				CLANG_WARN_INT_CONVERSION = YES;
				CLANG_WARN_NON_LITERAL_NULL_CONVERSION = YES;
				CLANG_WARN_OBJC_IMPLICIT_RETAIN_SELF = YES;
				CLANG_WARN_OBJC_LITERAL_CONVERSION = YES;
				CLANG_WARN_OBJC_ROOT_CLASS = YES_ERROR;
				CLANG_WARN_RANGE_LOOP_ANALYSIS = YES;
				CLANG_WARN_STRICT_PROTOTYPES = YES;
				CLANG_WARN_SUSPICIOUS_MOVE = YES;
				CLANG_WARN_UNGUARDED_AVAILABILITY = YES_AGGRESSIVE;
				CLANG_WARN_UNREACHABLE_CODE = YES;
				CLANG_WARN__DUPLICATE_METHOD_MATCH = YES;
				COPY_PHASE_STRIP = NO;
				DEBUG_INFORMATION_FORMAT = "dwarf-with-dsym";
				ENABLE_NS_ASSERTIONS = NO;
				ENABLE_STRICT_OBJC_MSGSEND = YES;
				GCC_C_LANGUAGE_STANDARD = gnu11;
				GCC_NO_COMMON_BLOCKS = YES;
				GCC_WARN_64_TO_32_BIT_CONVERSION = YES;
				GCC_WARN_ABOUT_RETURN_TYPE = YES_ERROR;
				GCC_WARN_UNDECLARED_SELECTOR = YES;
				GCC_WARN_UNINITIALIZED_AUTOS = YES_AGGRESSIVE;
				GCC_WARN_UNUSED_FUNCTION = YES;
				GCC_WARN_UNUSED_VARIABLE = YES;
				MACOSX_DEPLOYMENT_TARGET = 10.15;
				MTL_ENABLE_DEBUG_INFO = NO;
				MTL_FAST_MATH = YES;
				SDKROOT = macosx;
			};
			name = Release;
		};
		11988CE72418E6FE00307419 /* Debug */ = {
			isa = XCBuildConfiguration;
			buildSettings = {
				CODE_SIGN_STYLE = Automatic;
				PRODUCT_NAME = "$(TARGET_NAME)";
			};
			name = Debug;
		};
		11988CE82418E6FE00307419 /* Release */ = {
			isa = XCBuildConfiguration;
			buildSettings = {
				CODE_SIGN_STYLE = Automatic;
				PRODUCT_NAME = "$(TARGET_NAME)";
			};
			name = Release;
		};
/* End XCBuildConfiguration section */

/* Begin XCConfigurationList section */
		11988CDA2418E6FE00307419 /* Build configuration list for PBXProject "GooberEats" */ = {
			isa = XCConfigurationList;
			buildConfigurations = (
				11988CE42418E6FE00307419 /* Debug */,
				11988CE52418E6FE00307419 /* Release */,
			);
			defaultConfigurationIsVisible = 0;
			defaultConfigurationName = Release;
		};
		11988CE62418E6FE00307419 /* Build configuration list for PBXNativeTarget "GooberEats" */ = {
			isa = XCConfigurationList;
			buildConfigurations = (
				11988CE72418E6FE00307419 /* Debug */,
				11988CE82418E6FE00307419 /* Release */,
			);
			defaultConfigurationIsVisible = 0;
			defaultConfigurationName = Release;
		};
/* End XCConfigurationList section */
	};
	rootObject = 11988CD72418E6FE00307419 /* Project object */;
}
